
Microsoft Visual Studio Solution File, Format Version 12.00
# Visual Studio 15
VisualStudioVersion = 15.0.28124.53
MinimumVisualStudioVersion = 10.0.40219.1
Project("{FAE04EC0-301F-11D3-BF4B-00C04F79EFBC}") = "App4.Android", "App4\App4.Android\App4.Android.csproj", "{DE5444C2-E8F2-4EF2-9B69-9382DC118097}"
EndProject
Project("{FAE04EC0-301F-11D3-BF4B-00C04F79EFBC}") = "App4.iOS", "App4\App4.iOS\App4.iOS.csproj", "{21562B42-43D5-471A-9487-D31699E54A28}"
EndProject
Project("{FAE04EC0-301F-11D3-BF4B-00C04F79EFBC}") = "App4.UWP", "App4\App4.UWP\App4.UWP.csproj", "{8A707DF5-0BCB-45D3-9CF8-858DB5082980}"
EndProject
Project("{FAE04EC0-301F-11D3-BF4B-00C04F79EFBC}") = "App4.MobileAppService", "App4\App4.MobileAppService\App4.MobileAppService.csproj", "{CA045484-841C-4A4F-A5DD-7D89C4A8AD73}"
EndProject
Project("{FAE04EC0-301F-11D3-BF4B-00C04F79EFBC}") = "App4", "App4\App4\App4.csproj", "{5B2DF565-A980-4D07-A9BB-E1973E66FB00}"
EndProject
Global
	GlobalSection(SolutionConfigurationPlatforms) = preSolution
		Debug|Any CPU = Debug|Any CPU
		Debug|ARM = Debug|ARM
		Debug|iPhone = Debug|iPhone
		Debug|iPhoneSimulator = Debug|iPhoneSimulator
		Debug|x64 = Debug|x64
		Debug|x86 = Debug|x86
		Release|Any CPU = Release|Any CPU
		Release|ARM = Release|ARM
		Release|iPhone = Release|iPhone
		Release|iPhoneSimulator = Release|iPhoneSimulator
		Release|x64 = Release|x64
		Release|x86 = Release|x86
	EndGlobalSection
	GlobalSection(ProjectConfigurationPlatforms) = postSolution
		{DE5444C2-E8F2-4EF2-9B69-9382DC118097}.Debug|Any CPU.ActiveCfg = Debug|Any CPU
		{DE5444C2-E8F2-4EF2-9B69-9382DC118097}.Debug|Any CPU.Build.0 = Debug|Any CPU
		{DE5444C2-E8F2-4EF2-9B69-9382DC118097}.Debug|Any CPU.Deploy.0 = Debug|Any CPU
		{DE5444C2-E8F2-4EF2-9B69-9382DC118097}.Debug|ARM.ActiveCfg = Debug|Any CPU
		{DE5444C2-E8F2-4EF2-9B69-9382DC118097}.Debug|ARM.Build.0 = Debug|Any CPU
		{DE5444C2-E8F2-4EF2-9B69-9382DC118097}.Debug|ARM.Deploy.0 = Debug|Any CPU
		{DE5444C2-E8F2-4EF2-9B69-9382DC118097}.Debug|iPhone.ActiveCfg = Debug|Any CPU
		{DE5444C2-E8F2-4EF2-9B69-9382DC118097}.Debug|iPhone.Build.0 = Debug|Any CPU
		{DE5444C2-E8F2-4EF2-9B69-9382DC118097}.Debug|iPhone.Deploy.0 = Debug|Any CPU
		{DE5444C2-E8F2-4EF2-9B69-9382DC118097}.Debug|iPhoneSimulator.ActiveCfg = Debug|Any CPU
		{DE5444C2-E8F2-4EF2-9B69-9382DC118097}.Debug|iPhoneSimulator.Build.0 = Debug|Any CPU
		{DE5444C2-E8F2-4EF2-9B69-9382DC118097}.Debug|iPhoneSimulator.Deploy.0 = Debug|Any CPU
		{DE5444C2-E8F2-4EF2-9B69-9382DC118097}.Debug|x64.ActiveCfg = Debug|Any CPU
		{DE5444C2-E8F2-4EF2-9B69-9382DC118097}.Debug|x64.Build.0 = Debug|Any CPU
		{DE5444C2-E8F2-4EF2-9B69-9382DC118097}.Debug|x64.Deploy.0 = Debug|Any CPU
		{DE5444C2-E8F2-4EF2-9B69-9382DC118097}.Debug|x86.ActiveCfg = Debug|Any CPU
		{DE5444C2-E8F2-4EF2-9B69-9382DC118097}.Debug|x86.Build.0 = Debug|Any CPU
		{DE5444C2-E8F2-4EF2-9B69-9382DC118097}.Debug|x86.Deploy.0 = Debug|Any CPU
		{DE5444C2-E8F2-4EF2-9B69-9382DC118097}.Release|Any CPU.ActiveCfg = Release|Any CPU
		{DE5444C2-E8F2-4EF2-9B69-9382DC118097}.Release|Any CPU.Build.0 = Release|Any CPU
		{DE5444C2-E8F2-4EF2-9B69-9382DC118097}.Release|Any CPU.Deploy.0 = Release|Any CPU
		{DE5444C2-E8F2-4EF2-9B69-9382DC118097}.Release|ARM.ActiveCfg = Release|Any CPU
		{DE5444C2-E8F2-4EF2-9B69-9382DC118097}.Release|ARM.Build.0 = Release|Any CPU
		{DE5444C2-E8F2-4EF2-9B69-9382DC118097}.Release|ARM.Deploy.0 = Release|Any CPU
		{DE5444C2-E8F2-4EF2-9B69-9382DC118097}.Release|iPhone.ActiveCfg = Release|Any CPU
		{DE5444C2-E8F2-4EF2-9B69-9382DC118097}.Release|iPhone.Build.0 = Release|Any CPU
		{DE5444C2-E8F2-4EF2-9B69-9382DC118097}.Release|iPhone.Deploy.0 = Release|Any CPU
		{DE5444C2-E8F2-4EF2-9B69-9382DC118097}.Release|iPhoneSimulator.ActiveCfg = Release|Any CPU
		{DE5444C2-E8F2-4EF2-9B69-9382DC118097}.Release|iPhoneSimulator.Build.0 = Release|Any CPU
		{DE5444C2-E8F2-4EF2-9B69-9382DC118097}.Release|iPhoneSimulator.Deploy.0 = Release|Any CPU
		{DE5444C2-E8F2-4EF2-9B69-9382DC118097}.Release|x64.ActiveCfg = Release|Any CPU
		{DE5444C2-E8F2-4EF2-9B69-9382DC118097}.Release|x64.Build.0 = Release|Any CPU
		{DE5444C2-E8F2-4EF2-9B69-9382DC118097}.Release|x64.Deploy.0 = Release|Any CPU
		{DE5444C2-E8F2-4EF2-9B69-9382DC118097}.Release|x86.ActiveCfg = Release|Any CPU
		{DE5444C2-E8F2-4EF2-9B69-9382DC118097}.Release|x86.Build.0 = Release|Any CPU
		{DE5444C2-E8F2-4EF2-9B69-9382DC118097}.Release|x86.Deploy.0 = Release|Any CPU
		{21562B42-43D5-471A-9487-D31699E54A28}.Debug|Any CPU.ActiveCfg = Debug|iPhoneSimulator
		{21562B42-43D5-471A-9487-D31699E54A28}.Debug|Any CPU.Build.0 = Debug|iPhoneSimulator
		{21562B42-43D5-471A-9487-D31699E54A28}.Debug|Any CPU.Deploy.0 = Debug|iPhoneSimulator
		{21562B42-43D5-471A-9487-D31699E54A28}.Debug|ARM.ActiveCfg = Debug|iPhone
		{21562B42-43D5-471A-9487-D31699E54A28}.Debug|ARM.Build.0 = Debug|iPhone
		{21562B42-43D5-471A-9487-D31699E54A28}.Debug|ARM.Deploy.0 = Debug|iPhone
		{21562B42-43D5-471A-9487-D31699E54A28}.Debug|iPhone.ActiveCfg = Debug|iPhone
		{21562B42-43D5-471A-9487-D31699E54A28}.Debug|iPhone.Build.0 = Debug|iPhone
		{21562B42-43D5-471A-9487-D31699E54A28}.Debug|iPhone.Deploy.0 = Debug|iPhone
		{21562B42-43D5-471A-9487-D31699E54A28}.Debug|iPhoneSimulator.ActiveCfg = Debug|iPhoneSimulator
		{21562B42-43D5-471A-9487-D31699E54A28}.Debug|iPhoneSimulator.Build.0 = Debug|iPhoneSimulator
		{21562B42-43D5-471A-9487-D31699E54A28}.Debug|iPhoneSimulator.Deploy.0 = Debug|iPhoneSimulator
		{21562B42-43D5-471A-9487-D31699E54A28}.Debug|x64.ActiveCfg = Debug|iPhone
		{21562B42-43D5-471A-9487-D31699E54A28}.Debug|x64.Build.0 = Debug|iPhone
		{21562B42-43D5-471A-9487-D31699E54A28}.Debug|x64.Deploy.0 = Debug|iPhone
		{21562B42-43D5-471A-9487-D31699E54A28}.Debug|x86.ActiveCfg = Debug|iPhone
		{21562B42-43D5-471A-9487-D31699E54A28}.Debug|x86.Build.0 = Debug|iPhone
		{21562B42-43D5-471A-9487-D31699E54A28}.Debug|x86.Deploy.0 = Debug|iPhone
		{21562B42-43D5-471A-9487-D31699E54A28}.Release|Any CPU.ActiveCfg = Release|iPhone
		{21562B42-43D5-471A-9487-D31699E54A28}.Release|Any CPU.Build.0 = Release|iPhone
		{21562B42-43D5-471A-9487-D31699E54A28}.Release|Any CPU.Deploy.0 = Release|iPhone
		{21562B42-43D5-471A-9487-D31699E54A28}.Release|ARM.ActiveCfg = Release|iPhone
		{21562B42-43D5-471A-9487-D31699E54A28}.Release|ARM.Build.0 = Release|iPhone
		{21562B42-43D5-471A-9487-D31699E54A28}.Release|ARM.Deploy.0 = Release|iPhone
		{21562B42-43D5-471A-9487-D31699E54A28}.Release|iPhone.ActiveCfg = Release|iPhone
		{21562B42-43D5-471A-9487-D31699E54A28}.Release|iPhone.Build.0 = Release|iPhone
		{21562B42-43D5-471A-9487-D31699E54A28}.Release|iPhone.Deploy.0 = Release|iPhone
		{21562B42-43D5-471A-9487-D31699E54A28}.Release|iPhoneSimulator.ActiveCfg = Release|iPhoneSimulator
		{21562B42-43D5-471A-9487-D31699E54A28}.Release|iPhoneSimulator.Build.0 = Release|iPhoneSimulator
		{21562B42-43D5-471A-9487-D31699E54A28}.Release|iPhoneSimulator.Deploy.0 = Release|iPhoneSimulator
		{21562B42-43D5-471A-9487-D31699E54A28}.Release|x64.ActiveCfg = Release|iPhone
		{21562B42-43D5-471A-9487-D31699E54A28}.Release|x64.Build.0 = Release|iPhone
		{21562B42-43D5-471A-9487-D31699E54A28}.Release|x64.Deploy.0 = Release|iPhone
		{21562B42-43D5-471A-9487-D31699E54A28}.Release|x86.ActiveCfg = Release|iPhone
		{21562B42-43D5-471A-9487-D31699E54A28}.Release|x86.Build.0 = Release|iPhone
		{21562B42-43D5-471A-9487-D31699E54A28}.Release|x86.Deploy.0 = Release|iPhone
		{8A707DF5-0BCB-45D3-9CF8-858DB5082980}.Debug|Any CPU.ActiveCfg = Debug|x86
		{8A707DF5-0BCB-45D3-9CF8-858DB5082980}.Debug|Any CPU.Build.0 = Debug|x86
		{8A707DF5-0BCB-45D3-9CF8-858DB5082980}.Debug|Any CPU.Deploy.0 = Debug|x86
		{8A707DF5-0BCB-45D3-9CF8-858DB5082980}.Debug|ARM.ActiveCfg = Debug|ARM
		{8A707DF5-0BCB-45D3-9CF8-858DB5082980}.Debug|ARM.Build.0 = Debug|ARM
		{8A707DF5-0BCB-45D3-9CF8-858DB5082980}.Debug|ARM.Deploy.0 = Debug|ARM
		{8A707DF5-0BCB-45D3-9CF8-858DB5082980}.Debug|iPhone.ActiveCfg = Debug|x86
		{8A707DF5-0BCB-45D3-9CF8-858DB5082980}.Debug|iPhone.Build.0 = Debug|x86
		{8A707DF5-0BCB-45D3-9CF8-858DB5082980}.Debug|iPhone.Deploy.0 = Debug|x86
		{8A707DF5-0BCB-45D3-9CF8-858DB5082980}.Debug|iPhoneSimulator.ActiveCfg = Debug|x86
		{8A707DF5-0BCB-45D3-9CF8-858DB5082980}.Debug|iPhoneSimulator.Build.0 = Debug|x86
		{8A707DF5-0BCB-45D3-9CF8-858DB5082980}.Debug|iPhoneSimulator.Deploy.0 = Debug|x86
		{8A707DF5-0BCB-45D3-9CF8-858DB5082980}.Debug|x64.ActiveCfg = Debug|x64
		{8A707DF5-0BCB-45D3-9CF8-858DB5082980}.Debug|x64.Build.0 = Debug|x64
		{8A707DF5-0BCB-45D3-9CF8-858DB5082980}.Debug|x64.Deploy.0 = Debug|x64
		{8A707DF5-0BCB-45D3-9CF8-858DB5082980}.Debug|x86.ActiveCfg = Debug|x86
		{8A707DF5-0BCB-45D3-9CF8-858DB5082980}.Debug|x86.Build.0 = Debug|x86
		{8A707DF5-0BCB-45D3-9CF8-858DB5082980}.Debug|x86.Deploy.0 = Debug|x86
		{8A707DF5-0BCB-45D3-9CF8-858DB5082980}.Release|Any CPU.ActiveCfg = Release|x86
		{8A707DF5-0BCB-45D3-9CF8-858DB5082980}.Release|Any CPU.Build.0 = Release|x86
		{8A707DF5-0BCB-45D3-9CF8-858DB5082980}.Release|Any CPU.Deploy.0 = Release|x86
		{8A707DF5-0BCB-45D3-9CF8-858DB5082980}.Release|ARM.ActiveCfg = Release|ARM
		{8A707DF5-0BCB-45D3-9CF8-858DB5082980}.Release|ARM.Build.0 = Release|ARM
		{8A707DF5-0BCB-45D3-9CF8-858DB5082980}.Release|ARM.Deploy.0 = Release|ARM
		{8A707DF5-0BCB-45D3-9CF8-858DB5082980}.Release|iPhone.ActiveCfg = Release|x86
		{8A707DF5-0BCB-45D3-9CF8-858DB5082980}.Release|iPhone.Build.0 = Release|x86
		{8A707DF5-0BCB-45D3-9CF8-858DB5082980}.Release|iPhone.Deploy.0 = Release|x86
		{8A707DF5-0BCB-45D3-9CF8-858DB5082980}.Release|iPhoneSimulator.ActiveCfg = Release|x86
		{8A707DF5-0BCB-45D3-9CF8-858DB5082980}.Release|iPhoneSimulator.Build.0 = Release|x86
		{8A707DF5-0BCB-45D3-9CF8-858DB5082980}.Release|iPhoneSimulator.Deploy.0 = Release|x86
		{8A707DF5-0BCB-45D3-9CF8-858DB5082980}.Release|x64.ActiveCfg = Release|x64
		{8A707DF5-0BCB-45D3-9CF8-858DB5082980}.Release|x64.Build.0 = Release|x64
		{8A707DF5-0BCB-45D3-9CF8-858DB5082980}.Release|x64.Deploy.0 = Release|x64
		{8A707DF5-0BCB-45D3-9CF8-858DB5082980}.Release|x86.ActiveCfg = Release|x86
		{8A707DF5-0BCB-45D3-9CF8-858DB5082980}.Release|x86.Build.0 = Release|x86
		{8A707DF5-0BCB-45D3-9CF8-858DB5082980}.Release|x86.Deploy.0 = Release|x86
		{CA045484-841C-4A4F-A5DD-7D89C4A8AD73}.Debug|Any CPU.ActiveCfg = Debug|Any CPU
		{CA045484-841C-4A4F-A5DD-7D89C4A8AD73}.Debug|Any CPU.Build.0 = Debug|Any CPU
		{CA045484-841C-4A4F-A5DD-7D89C4A8AD73}.Debug|Any CPU.Deploy.0 = Debug|Any CPU
		{CA045484-841C-4A4F-A5DD-7D89C4A8AD73}.Debug|ARM.ActiveCfg = Debug|Any CPU
		{CA045484-841C-4A4F-A5DD-7D89C4A8AD73}.Debug|ARM.Build.0 = Debug|Any CPU
		{CA045484-841C-4A4F-A5DD-7D89C4A8AD73}.Debug|ARM.Deploy.0 = Debug|Any CPU
		{CA045484-841C-4A4F-A5DD-7D89C4A8AD73}.Debug|iPhone.ActiveCfg = Debug|Any CPU
		{CA045484-841C-4A4F-A5DD-7D89C4A8AD73}.Debug|iPhone.Build.0 = Debug|Any CPU
		{CA045484-841C-4A4F-A5DD-7D89C4A8AD73}.Debug|iPhone.Deploy.0 = Debug|Any CPU
		{CA045484-841C-4A4F-A5DD-7D89C4A8AD73}.Debug|iPhoneSimulator.ActiveCfg = Debug|Any CPU
		{CA045484-841C-4A4F-A5DD-7D89C4A8AD73}.Debug|iPhoneSimulator.Build.0 = Debug|Any CPU
		{CA045484-841C-4A4F-A5DD-7D89C4A8AD73}.Debug|iPhoneSimulator.Deploy.0 = Debug|Any CPU
		{CA045484-841C-4A4F-A5DD-7D89C4A8AD73}.Debug|x64.ActiveCfg = Debug|Any CPU
		{CA045484-841C-4A4F-A5DD-7D89C4A8AD73}.Debug|x64.Build.0 = Debug|Any CPU
		{CA045484-841C-4A4F-A5DD-7D89C4A8AD73}.Debug|x64.Deploy.0 = Debug|Any CPU
		{CA045484-841C-4A4F-A5DD-7D89C4A8AD73}.Debug|x86.ActiveCfg = Debug|Any CPU
		{CA045484-841C-4A4F-A5DD-7D89C4A8AD73}.Debug|x86.Build.0 = Debug|Any CPU
		{CA045484-841C-4A4F-A5DD-7D89C4A8AD73}.Debug|x86.Deploy.0 = Debug|Any CPU
		{CA045484-841C-4A4F-A5DD-7D89C4A8AD73}.Release|Any CPU.ActiveCfg = Release|Any CPU
		{CA045484-841C-4A4F-A5DD-7D89C4A8AD73}.Release|Any CPU.Build.0 = Release|Any CPU
		{CA045484-841C-4A4F-A5DD-7D89C4A8AD73}.Release|Any CPU.Deploy.0 = Release|Any CPU
		{CA045484-841C-4A4F-A5DD-7D89C4A8AD73}.Release|ARM.ActiveCfg = Release|Any CPU
		{CA045484-841C-4A4F-A5DD-7D89C4A8AD73}.Release|ARM.Build.0 = Release|Any CPU
		{CA045484-841C-4A4F-A5DD-7D89C4A8AD73}.Release|ARM.Deploy.0 = Release|Any CPU
		{CA045484-841C-4A4F-A5DD-7D89C4A8AD73}.Release|iPhone.ActiveCfg = Release|Any CPU
		{CA045484-841C-4A4F-A5DD-7D89C4A8AD73}.Release|iPhone.Build.0 = Release|Any CPU
		{CA045484-841C-4A4F-A5DD-7D89C4A8AD73}.Release|iPhone.Deploy.0 = Release|Any CPU
		{CA045484-841C-4A4F-A5DD-7D89C4A8AD73}.Release|iPhoneSimulator.ActiveCfg = Release|Any CPU
		{CA045484-841C-4A4F-A5DD-7D89C4A8AD73}.Release|iPhoneSimulator.Build.0 = Release|Any CPU
		{CA045484-841C-4A4F-A5DD-7D89C4A8AD73}.Release|iPhoneSimulator.Deploy.0 = Release|Any CPU
		{CA045484-841C-4A4F-A5DD-7D89C4A8AD73}.Release|x64.ActiveCfg = Release|Any CPU
		{CA045484-841C-4A4F-A5DD-7D89C4A8AD73}.Release|x64.Build.0 = Release|Any CPU
		{CA045484-841C-4A4F-A5DD-7D89C4A8AD73}.Release|x64.Deploy.0 = Release|Any CPU
		{CA045484-841C-4A4F-A5DD-7D89C4A8AD73}.Release|x86.ActiveCfg = Release|Any CPU
		{CA045484-841C-4A4F-A5DD-7D89C4A8AD73}.Release|x86.Build.0 = Release|Any CPU
		{CA045484-841C-4A4F-A5DD-7D89C4A8AD73}.Release|x86.Deploy.0 = Release|Any CPU
		{5B2DF565-A980-4D07-A9BB-E1973E66FB00}.Debug|Any CPU.ActiveCfg = Debug|Any CPU
		{5B2DF565-A980-4D07-A9BB-E1973E66FB00}.Debug|Any CPU.Build.0 = Debug|Any CPU
		{5B2DF565-A980-4D07-A9BB-E1973E66FB00}.Debug|Any CPU.Deploy.0 = Debug|Any CPU
		{5B2DF565-A980-4D07-A9BB-E1973E66FB00}.Debug|ARM.ActiveCfg = Debug|Any CPU
		{5B2DF565-A980-4D07-A9BB-E1973E66FB00}.Debug|ARM.Build.0 = Debug|Any CPU
		{5B2DF565-A980-4D07-A9BB-E1973E66FB00}.Debug|ARM.Deploy.0 = Debug|Any CPU
		{5B2DF565-A980-4D07-A9BB-E1973E66FB00}.Debug|iPhone.ActiveCfg = Debug|Any CPU
		{5B2DF565-A980-4D07-A9BB-E1973E66FB00}.Debug|iPhone.Build.0 = Debug|Any CPU
		{5B2DF565-A980-4D07-A9BB-E1973E66FB00}.Debug|iPhone.Deploy.0 = Debug|Any CPU
		{5B2DF565-A980-4D07-A9BB-E1973E66FB00}.Debug|iPhoneSimulator.ActiveCfg = Debug|Any CPU
		{5B2DF565-A980-4D07-A9BB-E1973E66FB00}.Debug|iPhoneSimulator.Build.0 = Debug|Any CPU
		{5B2DF565-A980-4D07-A9BB-E1973E66FB00}.Debug|iPhoneSimulator.Deploy.0 = Debug|Any CPU
		{5B2DF565-A980-4D07-A9BB-E1973E66FB00}.Debug|x64.ActiveCfg = Debug|Any CPU
		{5B2DF565-A980-4D07-A9BB-E1973E66FB00}.Debug|x64.Build.0 = Debug|Any CPU
		{5B2DF565-A980-4D07-A9BB-E1973E66FB00}.Debug|x64.Deploy.0 = Debug|Any CPU
		{5B2DF565-A980-4D07-A9BB-E1973E66FB00}.Debug|x86.ActiveCfg = Debug|Any CPU
		{5B2DF565-A980-4D07-A9BB-E1973E66FB00}.Debug|x86.Build.0 = Debug|Any CPU
		{5B2DF565-A980-4D07-A9BB-E1973E66FB00}.Debug|x86.Deploy.0 = Debug|Any CPU
		{5B2DF565-A980-4D07-A9BB-E1973E66FB00}.Release|Any CPU.ActiveCfg = Release|Any CPU
		{5B2DF565-A980-4D07-A9BB-E1973E66FB00}.Release|Any CPU.Build.0 = Release|Any CPU
		{5B2DF565-A980-4D07-A9BB-E1973E66FB00}.Release|Any CPU.Deploy.0 = Release|Any CPU
		{5B2DF565-A980-4D07-A9BB-E1973E66FB00}.Release|ARM.ActiveCfg = Release|Any CPU
		{5B2DF565-A980-4D07-A9BB-E1973E66FB00}.Release|ARM.Build.0 = Release|Any CPU
		{5B2DF565-A980-4D07-A9BB-E1973E66FB00}.Release|ARM.Deploy.0 = Release|Any CPU
		{5B2DF565-A980-4D07-A9BB-E1973E66FB00}.Release|iPhone.ActiveCfg = Release|Any CPU
		{5B2DF565-A980-4D07-A9BB-E1973E66FB00}.Release|iPhone.Build.0 = Release|Any CPU
		{5B2DF565-A980-4D07-A9BB-E1973E66FB00}.Release|iPhone.Deploy.0 = Release|Any CPU
		{5B2DF565-A980-4D07-A9BB-E1973E66FB00}.Release|iPhoneSimulator.ActiveCfg = Release|Any CPU
		{5B2DF565-A980-4D07-A9BB-E1973E66FB00}.Release|iPhoneSimulator.Build.0 = Release|Any CPU
		{5B2DF565-A980-4D07-A9BB-E1973E66FB00}.Release|iPhoneSimulator.Deploy.0 = Release|Any CPU
		{5B2DF565-A980-4D07-A9BB-E1973E66FB00}.Release|x64.ActiveCfg = Release|Any CPU
		{5B2DF565-A980-4D07-A9BB-E1973E66FB00}.Release|x64.Build.0 = Release|Any CPU
		{5B2DF565-A980-4D07-A9BB-E1973E66FB00}.Release|x64.Deploy.0 = Release|Any CPU
		{5B2DF565-A980-4D07-A9BB-E1973E66FB00}.Release|x86.ActiveCfg = Release|Any CPU
		{5B2DF565-A980-4D07-A9BB-E1973E66FB00}.Release|x86.Build.0 = Release|Any CPU
		{5B2DF565-A980-4D07-A9BB-E1973E66FB00}.Release|x86.Deploy.0 = Release|Any CPU
	EndGlobalSection
	GlobalSection(SolutionProperties) = preSolution
		HideSolutionNode = FALSE
	EndGlobalSection
	GlobalSection(ExtensibilityGlobals) = postSolution
		SolutionGuid = {69B69418-4D6E-4685-A020-61A5CBBF79C4}
	EndGlobalSection
EndGlobal
